// !$*UTF8*$!
{
	archiveVersion = 1;
	classes = {
	};
	objectVersion = 55;
	objects = {

/* Begin PBXBuildFile section */
		D5F0D76E2918AABF0086BC54 /* AppDelegate.swift in Sources */ = {isa = PBXBuildFile; fileRef = D5F0D76D2918AABF0086BC54 /* AppDelegate.swift */; };
		D5F0D7702918AABF0086BC54 /* SceneDelegate.swift in Sources */ = {isa = PBXBuildFile; fileRef = D5F0D76F2918AABF0086BC54 /* SceneDelegate.swift */; };
		D5F0D7772918AAC10086BC54 /* Assets.xcassets in Resources */ = {isa = PBXBuildFile; fileRef = D5F0D7762918AAC10086BC54 /* Assets.xcassets */; };
		D5F0D77A2918AAC10086BC54 /* LaunchScreen.storyboard in Resources */ = {isa = PBXBuildFile; fileRef = D5F0D7782918AAC10086BC54 /* LaunchScreen.storyboard */; };
		D5F0D7852918AAC10086BC54 /* FindCSTests.swift in Sources */ = {isa = PBXBuildFile; fileRef = D5F0D7842918AAC10086BC54 /* FindCSTests.swift */; };
		D5F0D78F2918AAC10086BC54 /* FindCSUITests.swift in Sources */ = {isa = PBXBuildFile; fileRef = D5F0D78E2918AAC10086BC54 /* FindCSUITests.swift */; };
		D5F0D7912918AAC10086BC54 /* FindCSUITestsLaunchTests.swift in Sources */ = {isa = PBXBuildFile; fileRef = D5F0D7902918AAC10086BC54 /* FindCSUITestsLaunchTests.swift */; };
		D5F0D7C72918AD950086BC54 /* map_pinup_custom@3x.png in Resources */ = {isa = PBXBuildFile; fileRef = D5F0D7A22918AD950086BC54 /* map_pinup_custom@3x.png */; };
		D5F0D7C82918AD950086BC54 /* map_pin_custom.png in Resources */ = {isa = PBXBuildFile; fileRef = D5F0D7A32918AD950086BC54 /* map_pin_custom.png */; };
		D5F0D7C92918AD950086BC54 /* shadow_balloon.png in Resources */ = {isa = PBXBuildFile; fileRef = D5F0D7A42918AD950086BC54 /* shadow_balloon.png */; };
		D5F0D7CA2918AD950086BC54 /* map_pinup.png in Resources */ = {isa = PBXBuildFile; fileRef = D5F0D7A52918AD950086BC54 /* map_pinup.png */; };
		D5F0D7CB2918AD950086BC54 /* detail_button.png in Resources */ = {isa = PBXBuildFile; fileRef = D5F0D7A62918AD950086BC54 /* detail_button.png */; };
		D5F0D7CC2918AD950086BC54 /* map_pin_custom@3x.png in Resources */ = {isa = PBXBuildFile; fileRef = D5F0D7A72918AD950086BC54 /* map_pin_custom@3x.png */; };
		D5F0D7CD2918AD950086BC54 /* map_pinup@3x.png in Resources */ = {isa = PBXBuildFile; fileRef = D5F0D7A82918AD950086BC54 /* map_pinup@3x.png */; };
		D5F0D7CE2918AD950086BC54 /* map_pin_shadow@3x.png in Resources */ = {isa = PBXBuildFile; fileRef = D5F0D7A92918AD950086BC54 /* map_pin_shadow@3x.png */; };
		D5F0D7CF2918AD950086BC54 /* copyright.png in Resources */ = {isa = PBXBuildFile; fileRef = D5F0D7AA2918AD950086BC54 /* copyright.png */; };
		D5F0D7D02918AD950086BC54 /* th_line.png in Resources */ = {isa = PBXBuildFile; fileRef = D5F0D7AB2918AD950086BC54 /* th_line.png */; };
		D5F0D7D12918AD950086BC54 /* map_pin_red@3x.png in Resources */ = {isa = PBXBuildFile; fileRef = D5F0D7AC2918AD950086BC54 /* map_pin_red@3x.png */; };
		D5F0D7D22918AD950086BC54 /* daum_copyright.png in Resources */ = {isa = PBXBuildFile; fileRef = D5F0D7AD2918AD950086BC54 /* daum_copyright.png */; };
		D5F0D7D32918AD950086BC54 /* map_pin@3x.png in Resources */ = {isa = PBXBuildFile; fileRef = D5F0D7AE2918AD950086BC54 /* map_pin@3x.png */; };
		D5F0D7D42918AD950086BC54 /* map_present_tracking.png in Resources */ = {isa = PBXBuildFile; fileRef = D5F0D7AF2918AD950086BC54 /* map_present_tracking.png */; };
		D5F0D7D52918AD950086BC54 /* map_pin_red.png in Resources */ = {isa = PBXBuildFile; fileRef = D5F0D7B02918AD950086BC54 /* map_pin_red.png */; };
		D5F0D7D62918AD950086BC54 /* info_box.png in Resources */ = {isa = PBXBuildFile; fileRef = D5F0D7BA2918AD950086BC54 /* info_box.png */; };
		D5F0D7D72918AD950086BC54 /* point_sprite.png in Resources */ = {isa = PBXBuildFile; fileRef = D5F0D7BB2918AD950086BC54 /* point_sprite.png */; };
		D5F0D7D82918AD950086BC54 /* map_pinup_custom.png in Resources */ = {isa = PBXBuildFile; fileRef = D5F0D7BC2918AD950086BC54 /* map_pinup_custom.png */; };
		D5F0D7D92918AD950086BC54 /* info_box_tail.png in Resources */ = {isa = PBXBuildFile; fileRef = D5F0D7BD2918AD950086BC54 /* info_box_tail.png */; };
		D5F0D7DA2918AD950086BC54 /* noimage256.png in Resources */ = {isa = PBXBuildFile; fileRef = D5F0D7BE2918AD950086BC54 /* noimage256.png */; };
		D5F0D7DB2918AD950086BC54 /* map_present_direction.png in Resources */ = {isa = PBXBuildFile; fileRef = D5F0D7BF2918AD950086BC54 /* map_present_direction.png */; };
		D5F0D7DC2918AD950086BC54 /* map_pin.png in Resources */ = {isa = PBXBuildFile; fileRef = D5F0D7C02918AD950086BC54 /* map_pin.png */; };
		D5F0D7DD2918AD950086BC54 /* map_present.png in Resources */ = {isa = PBXBuildFile; fileRef = D5F0D7C12918AD950086BC54 /* map_present.png */; };
		D5F0D7DE2918AD950086BC54 /* noimage.png in Resources */ = {isa = PBXBuildFile; fileRef = D5F0D7C22918AD950086BC54 /* noimage.png */; };
		D5F0D7DF2918AD950086BC54 /* map_present_background_update.png in Resources */ = {isa = PBXBuildFile; fileRef = D5F0D7C32918AD950086BC54 /* map_present_background_update.png */; };
		D5F0D7E02918AD950086BC54 /* daum_th_line.png in Resources */ = {isa = PBXBuildFile; fileRef = D5F0D7C42918AD950086BC54 /* daum_th_line.png */; };
		D5F0D7E12918AD950086BC54 /* map_pin_shadow.png in Resources */ = {isa = PBXBuildFile; fileRef = D5F0D7C52918AD950086BC54 /* map_pin_shadow.png */; };
		D5F0D7E22918AD950086BC54 /* DaumMap.framework in Frameworks */ = {isa = PBXBuildFile; fileRef = D5F0D7C62918AD950086BC54 /* DaumMap.framework */; };
		D5F0D7E62918AE1E0086BC54 /* OpenGLES.framework in Frameworks */ = {isa = PBXBuildFile; fileRef = D5F0D7E52918AE1E0086BC54 /* OpenGLES.framework */; };
		D5F0D7E82918AE260086BC54 /* SystemConfiguration.framework in Frameworks */ = {isa = PBXBuildFile; fileRef = D5F0D7E72918AE260086BC54 /* SystemConfiguration.framework */; };
		D5F0D7EA2918AE310086BC54 /* CoreLocation.framework in Frameworks */ = {isa = PBXBuildFile; fileRef = D5F0D7E92918AE310086BC54 /* CoreLocation.framework */; };
		D5F0D7EC2918AE390086BC54 /* QuartzCore.framework in Frameworks */ = {isa = PBXBuildFile; fileRef = D5F0D7EB2918AE390086BC54 /* QuartzCore.framework */; };
		D5F0D7EE2918AE4C0086BC54 /* libc++.tbd in Frameworks */ = {isa = PBXBuildFile; fileRef = D5F0D7ED2918AE4C0086BC54 /* libc++.tbd */; };
		D5F0D7F02918AE530086BC54 /* libxml2.tbd in Frameworks */ = {isa = PBXBuildFile; fileRef = D5F0D7EF2918AE530086BC54 /* libxml2.tbd */; };
		D5F0D7F22918AE5A0086BC54 /* libsqlite3.tbd in Frameworks */ = {isa = PBXBuildFile; fileRef = D5F0D7F12918AE5A0086BC54 /* libsqlite3.tbd */; };
		D5F0D7F42918C56E0086BC54 /* LocationData.swift in Sources */ = {isa = PBXBuildFile; fileRef = D5F0D7F32918C56E0086BC54 /* LocationData.swift */; };
		D5F0D7F72918C5CC0086BC54 /* KLDocument.swift in Sources */ = {isa = PBXBuildFile; fileRef = D5F0D7F62918C5CC0086BC54 /* KLDocument.swift */; };
		D5F0D7F92918C7AD0086BC54 /* DetailListCellData.swift in Sources */ = {isa = PBXBuildFile; fileRef = D5F0D7F82918C7AD0086BC54 /* DetailListCellData.swift */; };
		D5F0D7FB2918C83E0086BC54 /* LocationInformationViewController.swift in Sources */ = {isa = PBXBuildFile; fileRef = D5F0D7FA2918C83E0086BC54 /* LocationInformationViewController.swift */; };
		D5F0D7FE2918C89A0086BC54 /* LocationInformationViewModel.swift in Sources */ = {isa = PBXBuildFile; fileRef = D5F0D7FD2918C89A0086BC54 /* LocationInformationViewModel.swift */; };
/* End PBXBuildFile section */

/* Begin PBXContainerItemProxy section */
		D5F0D7812918AAC10086BC54 /* PBXContainerItemProxy */ = {
			isa = PBXContainerItemProxy;
			containerPortal = D5F0D7622918AABF0086BC54 /* Project object */;
			proxyType = 1;
			remoteGlobalIDString = D5F0D7692918AABF0086BC54;
			remoteInfo = FindCS;
		};
		D5F0D78B2918AAC10086BC54 /* PBXContainerItemProxy */ = {
			isa = PBXContainerItemProxy;
			containerPortal = D5F0D7622918AABF0086BC54 /* Project object */;
			proxyType = 1;
			remoteGlobalIDString = D5F0D7692918AABF0086BC54;
			remoteInfo = FindCS;
		};
/* End PBXContainerItemProxy section */

/* Begin PBXFileReference section */
		D5F0D76A2918AABF0086BC54 /* FindCS.app */ = {isa = PBXFileReference; explicitFileType = wrapper.application; includeInIndex = 0; path = FindCS.app; sourceTree = BUILT_PRODUCTS_DIR; };
		D5F0D76D2918AABF0086BC54 /* AppDelegate.swift */ = {isa = PBXFileReference; lastKnownFileType = sourcecode.swift; path = AppDelegate.swift; sourceTree = "<group>"; };
		D5F0D76F2918AABF0086BC54 /* SceneDelegate.swift */ = {isa = PBXFileReference; lastKnownFileType = sourcecode.swift; path = SceneDelegate.swift; sourceTree = "<group>"; };
		D5F0D7762918AAC10086BC54 /* Assets.xcassets */ = {isa = PBXFileReference; lastKnownFileType = folder.assetcatalog; path = Assets.xcassets; sourceTree = "<group>"; };
		D5F0D7792918AAC10086BC54 /* Base */ = {isa = PBXFileReference; lastKnownFileType = file.storyboard; name = Base; path = Base.lproj/LaunchScreen.storyboard; sourceTree = "<group>"; };
		D5F0D77B2918AAC10086BC54 /* Info.plist */ = {isa = PBXFileReference; lastKnownFileType = text.plist.xml; path = Info.plist; sourceTree = "<group>"; };
		D5F0D7802918AAC10086BC54 /* FindCSTests.xctest */ = {isa = PBXFileReference; explicitFileType = wrapper.cfbundle; includeInIndex = 0; path = FindCSTests.xctest; sourceTree = BUILT_PRODUCTS_DIR; };
		D5F0D7842918AAC10086BC54 /* FindCSTests.swift */ = {isa = PBXFileReference; lastKnownFileType = sourcecode.swift; path = FindCSTests.swift; sourceTree = "<group>"; };
		D5F0D78A2918AAC10086BC54 /* FindCSUITests.xctest */ = {isa = PBXFileReference; explicitFileType = wrapper.cfbundle; includeInIndex = 0; path = FindCSUITests.xctest; sourceTree = BUILT_PRODUCTS_DIR; };
		D5F0D78E2918AAC10086BC54 /* FindCSUITests.swift */ = {isa = PBXFileReference; lastKnownFileType = sourcecode.swift; path = FindCSUITests.swift; sourceTree = "<group>"; };
		D5F0D7902918AAC10086BC54 /* FindCSUITestsLaunchTests.swift */ = {isa = PBXFileReference; lastKnownFileType = sourcecode.swift; path = FindCSUITestsLaunchTests.swift; sourceTree = "<group>"; };
		D5F0D7A22918AD950086BC54 /* map_pinup_custom@3x.png */ = {isa = PBXFileReference; lastKnownFileType = image.png; path = "map_pinup_custom@3x.png"; sourceTree = "<group>"; };
		D5F0D7A32918AD950086BC54 /* map_pin_custom.png */ = {isa = PBXFileReference; lastKnownFileType = image.png; path = map_pin_custom.png; sourceTree = "<group>"; };
		D5F0D7A42918AD950086BC54 /* shadow_balloon.png */ = {isa = PBXFileReference; lastKnownFileType = image.png; path = shadow_balloon.png; sourceTree = "<group>"; };
		D5F0D7A52918AD950086BC54 /* map_pinup.png */ = {isa = PBXFileReference; lastKnownFileType = image.png; path = map_pinup.png; sourceTree = "<group>"; };
		D5F0D7A62918AD950086BC54 /* detail_button.png */ = {isa = PBXFileReference; lastKnownFileType = image.png; path = detail_button.png; sourceTree = "<group>"; };
		D5F0D7A72918AD950086BC54 /* map_pin_custom@3x.png */ = {isa = PBXFileReference; lastKnownFileType = image.png; path = "map_pin_custom@3x.png"; sourceTree = "<group>"; };
		D5F0D7A82918AD950086BC54 /* map_pinup@3x.png */ = {isa = PBXFileReference; lastKnownFileType = image.png; path = "map_pinup@3x.png"; sourceTree = "<group>"; };
		D5F0D7A92918AD950086BC54 /* map_pin_shadow@3x.png */ = {isa = PBXFileReference; lastKnownFileType = image.png; path = "map_pin_shadow@3x.png"; sourceTree = "<group>"; };
		D5F0D7AA2918AD950086BC54 /* copyright.png */ = {isa = PBXFileReference; lastKnownFileType = image.png; path = copyright.png; sourceTree = "<group>"; };
		D5F0D7AB2918AD950086BC54 /* th_line.png */ = {isa = PBXFileReference; lastKnownFileType = image.png; path = th_line.png; sourceTree = "<group>"; };
		D5F0D7AC2918AD950086BC54 /* map_pin_red@3x.png */ = {isa = PBXFileReference; lastKnownFileType = image.png; path = "map_pin_red@3x.png"; sourceTree = "<group>"; };
		D5F0D7AD2918AD950086BC54 /* daum_copyright.png */ = {isa = PBXFileReference; lastKnownFileType = image.png; path = daum_copyright.png; sourceTree = "<group>"; };
		D5F0D7AE2918AD950086BC54 /* map_pin@3x.png */ = {isa = PBXFileReference; lastKnownFileType = image.png; path = "map_pin@3x.png"; sourceTree = "<group>"; };
		D5F0D7AF2918AD950086BC54 /* map_present_tracking.png */ = {isa = PBXFileReference; lastKnownFileType = image.png; path = map_present_tracking.png; sourceTree = "<group>"; };
		D5F0D7B02918AD950086BC54 /* map_pin_red.png */ = {isa = PBXFileReference; lastKnownFileType = image.png; path = map_pin_red.png; sourceTree = "<group>"; };
		D5F0D7B22918AD950086BC54 /* MTMapPOIItem.h */ = {isa = PBXFileReference; fileEncoding = 4; lastKnownFileType = sourcecode.c.h; path = MTMapPOIItem.h; sourceTree = "<group>"; };
		D5F0D7B32918AD950086BC54 /* MTMapCameraUpdate.h */ = {isa = PBXFileReference; fileEncoding = 4; lastKnownFileType = sourcecode.c.h; path = MTMapCameraUpdate.h; sourceTree = "<group>"; };
		D5F0D7B42918AD950086BC54 /* MTMapReverseGeoCoder.h */ = {isa = PBXFileReference; fileEncoding = 4; lastKnownFileType = sourcecode.c.h; path = MTMapReverseGeoCoder.h; sourceTree = "<group>"; };
		D5F0D7B52918AD950086BC54 /* MTMapPolyline.h */ = {isa = PBXFileReference; fileEncoding = 4; lastKnownFileType = sourcecode.c.h; path = MTMapPolyline.h; sourceTree = "<group>"; };
		D5F0D7B62918AD950086BC54 /* MTMapLocationMarkerItem.h */ = {isa = PBXFileReference; fileEncoding = 4; lastKnownFileType = sourcecode.c.h; path = MTMapLocationMarkerItem.h; sourceTree = "<group>"; };
		D5F0D7B72918AD950086BC54 /* MTMapView.h */ = {isa = PBXFileReference; fileEncoding = 4; lastKnownFileType = sourcecode.c.h; path = MTMapView.h; sourceTree = "<group>"; };
		D5F0D7B82918AD950086BC54 /* MTMapGeometry.h */ = {isa = PBXFileReference; fileEncoding = 4; lastKnownFileType = sourcecode.c.h; path = MTMapGeometry.h; sourceTree = "<group>"; };
		D5F0D7B92918AD950086BC54 /* MTMapCircle.h */ = {isa = PBXFileReference; fileEncoding = 4; lastKnownFileType = sourcecode.c.h; path = MTMapCircle.h; sourceTree = "<group>"; };
		D5F0D7BA2918AD950086BC54 /* info_box.png */ = {isa = PBXFileReference; lastKnownFileType = image.png; path = info_box.png; sourceTree = "<group>"; };
		D5F0D7BB2918AD950086BC54 /* point_sprite.png */ = {isa = PBXFileReference; lastKnownFileType = image.png; path = point_sprite.png; sourceTree = "<group>"; };
		D5F0D7BC2918AD950086BC54 /* map_pinup_custom.png */ = {isa = PBXFileReference; lastKnownFileType = image.png; path = map_pinup_custom.png; sourceTree = "<group>"; };
		D5F0D7BD2918AD950086BC54 /* info_box_tail.png */ = {isa = PBXFileReference; lastKnownFileType = image.png; path = info_box_tail.png; sourceTree = "<group>"; };
		D5F0D7BE2918AD950086BC54 /* noimage256.png */ = {isa = PBXFileReference; lastKnownFileType = image.png; path = noimage256.png; sourceTree = "<group>"; };
		D5F0D7BF2918AD950086BC54 /* map_present_direction.png */ = {isa = PBXFileReference; lastKnownFileType = image.png; path = map_present_direction.png; sourceTree = "<group>"; };
		D5F0D7C02918AD950086BC54 /* map_pin.png */ = {isa = PBXFileReference; lastKnownFileType = image.png; path = map_pin.png; sourceTree = "<group>"; };
		D5F0D7C12918AD950086BC54 /* map_present.png */ = {isa = PBXFileReference; lastKnownFileType = image.png; path = map_present.png; sourceTree = "<group>"; };
		D5F0D7C22918AD950086BC54 /* noimage.png */ = {isa = PBXFileReference; lastKnownFileType = image.png; path = noimage.png; sourceTree = "<group>"; };
		D5F0D7C32918AD950086BC54 /* map_present_background_update.png */ = {isa = PBXFileReference; lastKnownFileType = image.png; path = map_present_background_update.png; sourceTree = "<group>"; };
		D5F0D7C42918AD950086BC54 /* daum_th_line.png */ = {isa = PBXFileReference; lastKnownFileType = image.png; path = daum_th_line.png; sourceTree = "<group>"; };
		D5F0D7C52918AD950086BC54 /* map_pin_shadow.png */ = {isa = PBXFileReference; lastKnownFileType = image.png; path = map_pin_shadow.png; sourceTree = "<group>"; };
		D5F0D7C62918AD950086BC54 /* DaumMap.framework */ = {isa = PBXFileReference; lastKnownFileType = wrapper.framework; path = DaumMap.framework; sourceTree = "<group>"; };
		D5F0D7E32918ADD60086BC54 /* BridgingHeader.h */ = {isa = PBXFileReference; lastKnownFileType = sourcecode.c.h; path = BridgingHeader.h; sourceTree = "<group>"; };
		D5F0D7E52918AE1E0086BC54 /* OpenGLES.framework */ = {isa = PBXFileReference; lastKnownFileType = wrapper.framework; name = OpenGLES.framework; path = System/Library/Frameworks/OpenGLES.framework; sourceTree = SDKROOT; };
		D5F0D7E72918AE260086BC54 /* SystemConfiguration.framework */ = {isa = PBXFileReference; lastKnownFileType = wrapper.framework; name = SystemConfiguration.framework; path = System/Library/Frameworks/SystemConfiguration.framework; sourceTree = SDKROOT; };
		D5F0D7E92918AE310086BC54 /* CoreLocation.framework */ = {isa = PBXFileReference; lastKnownFileType = wrapper.framework; name = CoreLocation.framework; path = System/Library/Frameworks/CoreLocation.framework; sourceTree = SDKROOT; };
		D5F0D7EB2918AE390086BC54 /* QuartzCore.framework */ = {isa = PBXFileReference; lastKnownFileType = wrapper.framework; name = QuartzCore.framework; path = System/Library/Frameworks/QuartzCore.framework; sourceTree = SDKROOT; };
		D5F0D7ED2918AE4C0086BC54 /* libc++.tbd */ = {isa = PBXFileReference; lastKnownFileType = "sourcecode.text-based-dylib-definition"; name = "libc++.tbd"; path = "usr/lib/libc++.tbd"; sourceTree = SDKROOT; };
		D5F0D7EF2918AE530086BC54 /* libxml2.tbd */ = {isa = PBXFileReference; lastKnownFileType = "sourcecode.text-based-dylib-definition"; name = libxml2.tbd; path = usr/lib/libxml2.tbd; sourceTree = SDKROOT; };
		D5F0D7F12918AE5A0086BC54 /* libsqlite3.tbd */ = {isa = PBXFileReference; lastKnownFileType = "sourcecode.text-based-dylib-definition"; name = libsqlite3.tbd; path = usr/lib/libsqlite3.tbd; sourceTree = SDKROOT; };
		D5F0D7F32918C56E0086BC54 /* LocationData.swift */ = {isa = PBXFileReference; lastKnownFileType = sourcecode.swift; path = LocationData.swift; sourceTree = "<group>"; };
		D5F0D7F62918C5CC0086BC54 /* KLDocument.swift */ = {isa = PBXFileReference; lastKnownFileType = sourcecode.swift; path = KLDocument.swift; sourceTree = "<group>"; };
		D5F0D7F82918C7AD0086BC54 /* DetailListCellData.swift */ = {isa = PBXFileReference; lastKnownFileType = sourcecode.swift; path = DetailListCellData.swift; sourceTree = "<group>"; };
		D5F0D7FA2918C83E0086BC54 /* LocationInformationViewController.swift */ = {isa = PBXFileReference; lastKnownFileType = sourcecode.swift; path = LocationInformationViewController.swift; sourceTree = "<group>"; };
		D5F0D7FD2918C89A0086BC54 /* LocationInformationViewModel.swift */ = {isa = PBXFileReference; lastKnownFileType = sourcecode.swift; path = LocationInformationViewModel.swift; sourceTree = "<group>"; };
/* End PBXFileReference section */

/* Begin PBXFrameworksBuildPhase section */
		D5F0D7672918AABF0086BC54 /* Frameworks */ = {
			isa = PBXFrameworksBuildPhase;
			buildActionMask = 2147483647;
			files = (
				D5F0D7F22918AE5A0086BC54 /* libsqlite3.tbd in Frameworks */,
				D5F0D7F02918AE530086BC54 /* libxml2.tbd in Frameworks */,
				D5F0D7EE2918AE4C0086BC54 /* libc++.tbd in Frameworks */,
				D5F0D7EC2918AE390086BC54 /* QuartzCore.framework in Frameworks */,
				D5F0D7EA2918AE310086BC54 /* CoreLocation.framework in Frameworks */,
				D5F0D7E82918AE260086BC54 /* SystemConfiguration.framework in Frameworks */,
				D5F0D7E62918AE1E0086BC54 /* OpenGLES.framework in Frameworks */,
				D5F0D7E22918AD950086BC54 /* DaumMap.framework in Frameworks */,
			);
			runOnlyForDeploymentPostprocessing = 0;
		};
		D5F0D77D2918AAC10086BC54 /* Frameworks */ = {
			isa = PBXFrameworksBuildPhase;
			buildActionMask = 2147483647;
			files = (
			);
			runOnlyForDeploymentPostprocessing = 0;
		};
		D5F0D7872918AAC10086BC54 /* Frameworks */ = {
			isa = PBXFrameworksBuildPhase;
			buildActionMask = 2147483647;
			files = (
			);
			runOnlyForDeploymentPostprocessing = 0;
		};
/* End PBXFrameworksBuildPhase section */

/* Begin PBXGroup section */
		D5F0D7612918AABF0086BC54 = {
			isa = PBXGroup;
			children = (
				D5F0D79F2918AD860086BC54 /* frameworks */,
				D5F0D76C2918AABF0086BC54 /* FindCS */,
				D5F0D7832918AAC10086BC54 /* FindCSTests */,
				D5F0D78D2918AAC10086BC54 /* FindCSUITests */,
				D5F0D76B2918AABF0086BC54 /* Products */,
				D5F0D7E42918AE1E0086BC54 /* Frameworks */,
			);
			sourceTree = "<group>";
		};
		D5F0D76B2918AABF0086BC54 /* Products */ = {
			isa = PBXGroup;
			children = (
				D5F0D76A2918AABF0086BC54 /* FindCS.app */,
				D5F0D7802918AAC10086BC54 /* FindCSTests.xctest */,
				D5F0D78A2918AAC10086BC54 /* FindCSUITests.xctest */,
			);
			name = Products;
			sourceTree = "<group>";
		};
		D5F0D76C2918AABF0086BC54 /* FindCS */ = {
			isa = PBXGroup;
			children = (
				D5F0D7FC2918C84C0086BC54 /* Presentation */,
				D5F0D7E32918ADD60086BC54 /* BridgingHeader.h */,
				D5F0D76D2918AABF0086BC54 /* AppDelegate.swift */,
				D5F0D76F2918AABF0086BC54 /* SceneDelegate.swift */,
				D5F0D7762918AAC10086BC54 /* Assets.xcassets */,
				D5F0D7782918AAC10086BC54 /* LaunchScreen.storyboard */,
				D5F0D77B2918AAC10086BC54 /* Info.plist */,
				D5F0D7F52918C5840086BC54 /* Entities */,
			);
			path = FindCS;
			sourceTree = "<group>";
		};
		D5F0D7832918AAC10086BC54 /* FindCSTests */ = {
			isa = PBXGroup;
			children = (
				D5F0D7842918AAC10086BC54 /* FindCSTests.swift */,
			);
			path = FindCSTests;
			sourceTree = "<group>";
		};
		D5F0D78D2918AAC10086BC54 /* FindCSUITests */ = {
			isa = PBXGroup;
			children = (
				D5F0D78E2918AAC10086BC54 /* FindCSUITests.swift */,
				D5F0D7902918AAC10086BC54 /* FindCSUITestsLaunchTests.swift */,
			);
			path = FindCSUITests;
			sourceTree = "<group>";
		};
		D5F0D79F2918AD860086BC54 /* frameworks */ = {
			isa = PBXGroup;
			children = (
				D5F0D7A02918AD950086BC54 /* DaumMap.embeddedframework */,
			);
			path = frameworks;
			sourceTree = "<group>";
		};
		D5F0D7A02918AD950086BC54 /* DaumMap.embeddedframework */ = {
			isa = PBXGroup;
			children = (
				D5F0D7A12918AD950086BC54 /* Resources */,
				D5F0D7C62918AD950086BC54 /* DaumMap.framework */,
			);
			name = DaumMap.embeddedframework;
			path = ../../../Downloads/IOS_DaumMap_SDK_1.4.0/lib/DaumMap.embeddedframework;
			sourceTree = "<group>";
		};
		D5F0D7A12918AD950086BC54 /* Resources */ = {
			isa = PBXGroup;
			children = (
				D5F0D7A22918AD950086BC54 /* map_pinup_custom@3x.png */,
				D5F0D7A32918AD950086BC54 /* map_pin_custom.png */,
				D5F0D7A42918AD950086BC54 /* shadow_balloon.png */,
				D5F0D7A52918AD950086BC54 /* map_pinup.png */,
				D5F0D7A62918AD950086BC54 /* detail_button.png */,
				D5F0D7A72918AD950086BC54 /* map_pin_custom@3x.png */,
				D5F0D7A82918AD950086BC54 /* map_pinup@3x.png */,
				D5F0D7A92918AD950086BC54 /* map_pin_shadow@3x.png */,
				D5F0D7AA2918AD950086BC54 /* copyright.png */,
				D5F0D7AB2918AD950086BC54 /* th_line.png */,
				D5F0D7AC2918AD950086BC54 /* map_pin_red@3x.png */,
				D5F0D7AD2918AD950086BC54 /* daum_copyright.png */,
				D5F0D7AE2918AD950086BC54 /* map_pin@3x.png */,
				D5F0D7AF2918AD950086BC54 /* map_present_tracking.png */,
				D5F0D7B02918AD950086BC54 /* map_pin_red.png */,
				D5F0D7B12918AD950086BC54 /* Headers */,
				D5F0D7BA2918AD950086BC54 /* info_box.png */,
				D5F0D7BB2918AD950086BC54 /* point_sprite.png */,
				D5F0D7BC2918AD950086BC54 /* map_pinup_custom.png */,
				D5F0D7BD2918AD950086BC54 /* info_box_tail.png */,
				D5F0D7BE2918AD950086BC54 /* noimage256.png */,
				D5F0D7BF2918AD950086BC54 /* map_present_direction.png */,
				D5F0D7C02918AD950086BC54 /* map_pin.png */,
				D5F0D7C12918AD950086BC54 /* map_present.png */,
				D5F0D7C22918AD950086BC54 /* noimage.png */,
				D5F0D7C32918AD950086BC54 /* map_present_background_update.png */,
				D5F0D7C42918AD950086BC54 /* daum_th_line.png */,
				D5F0D7C52918AD950086BC54 /* map_pin_shadow.png */,
			);
			path = Resources;
			sourceTree = "<group>";
		};
		D5F0D7B12918AD950086BC54 /* Headers */ = {
			isa = PBXGroup;
			children = (
				D5F0D7B22918AD950086BC54 /* MTMapPOIItem.h */,
				D5F0D7B32918AD950086BC54 /* MTMapCameraUpdate.h */,
				D5F0D7B42918AD950086BC54 /* MTMapReverseGeoCoder.h */,
				D5F0D7B52918AD950086BC54 /* MTMapPolyline.h */,
				D5F0D7B62918AD950086BC54 /* MTMapLocationMarkerItem.h */,
				D5F0D7B72918AD950086BC54 /* MTMapView.h */,
				D5F0D7B82918AD950086BC54 /* MTMapGeometry.h */,
				D5F0D7B92918AD950086BC54 /* MTMapCircle.h */,
			);
			path = Headers;
			sourceTree = "<group>";
		};
		D5F0D7E42918AE1E0086BC54 /* Frameworks */ = {
			isa = PBXGroup;
			children = (
				D5F0D7F12918AE5A0086BC54 /* libsqlite3.tbd */,
				D5F0D7EF2918AE530086BC54 /* libxml2.tbd */,
				D5F0D7ED2918AE4C0086BC54 /* libc++.tbd */,
				D5F0D7EB2918AE390086BC54 /* QuartzCore.framework */,
				D5F0D7E92918AE310086BC54 /* CoreLocation.framework */,
				D5F0D7E72918AE260086BC54 /* SystemConfiguration.framework */,
				D5F0D7E52918AE1E0086BC54 /* OpenGLES.framework */,
			);
			name = Frameworks;
			sourceTree = "<group>";
		};
		D5F0D7F52918C5840086BC54 /* Entities */ = {
			isa = PBXGroup;
			children = (
				D5F0D7F32918C56E0086BC54 /* LocationData.swift */,
				D5F0D7F62918C5CC0086BC54 /* KLDocument.swift */,
				D5F0D7F82918C7AD0086BC54 /* DetailListCellData.swift */,
			);
			path = Entities;
			sourceTree = "<group>";
		};
		D5F0D7FC2918C84C0086BC54 /* Presentation */ = {
			isa = PBXGroup;
			children = (
				D5F0D7FA2918C83E0086BC54 /* LocationInformationViewController.swift */,
				D5F0D7FD2918C89A0086BC54 /* LocationInformationViewModel.swift */,
			);
			path = Presentation;
			sourceTree = "<group>";
		};
/* End PBXGroup section */

/* Begin PBXNativeTarget section */
		D5F0D7692918AABF0086BC54 /* FindCS */ = {
			isa = PBXNativeTarget;
			buildConfigurationList = D5F0D7942918AAC10086BC54 /* Build configuration list for PBXNativeTarget "FindCS" */;
			buildPhases = (
				D5F0D7662918AABF0086BC54 /* Sources */,
				D5F0D7672918AABF0086BC54 /* Frameworks */,
				D5F0D7682918AABF0086BC54 /* Resources */,
			);
			buildRules = (
			);
			dependencies = (
			);
			name = FindCS;
			productName = FindCS;
			productReference = D5F0D76A2918AABF0086BC54 /* FindCS.app */;
			productType = "com.apple.product-type.application";
		};
		D5F0D77F2918AAC10086BC54 /* FindCSTests */ = {
			isa = PBXNativeTarget;
			buildConfigurationList = D5F0D7972918AAC10086BC54 /* Build configuration list for PBXNativeTarget "FindCSTests" */;
			buildPhases = (
				D5F0D77C2918AAC10086BC54 /* Sources */,
				D5F0D77D2918AAC10086BC54 /* Frameworks */,
				D5F0D77E2918AAC10086BC54 /* Resources */,
			);
			buildRules = (
			);
			dependencies = (
				D5F0D7822918AAC10086BC54 /* PBXTargetDependency */,
			);
			name = FindCSTests;
			productName = FindCSTests;
			productReference = D5F0D7802918AAC10086BC54 /* FindCSTests.xctest */;
			productType = "com.apple.product-type.bundle.unit-test";
		};
		D5F0D7892918AAC10086BC54 /* FindCSUITests */ = {
			isa = PBXNativeTarget;
			buildConfigurationList = D5F0D79A2918AAC10086BC54 /* Build configuration list for PBXNativeTarget "FindCSUITests" */;
			buildPhases = (
				D5F0D7862918AAC10086BC54 /* Sources */,
				D5F0D7872918AAC10086BC54 /* Frameworks */,
				D5F0D7882918AAC10086BC54 /* Resources */,
			);
			buildRules = (
			);
			dependencies = (
				D5F0D78C2918AAC10086BC54 /* PBXTargetDependency */,
			);
			name = FindCSUITests;
			productName = FindCSUITests;
			productReference = D5F0D78A2918AAC10086BC54 /* FindCSUITests.xctest */;
			productType = "com.apple.product-type.bundle.ui-testing";
		};
/* End PBXNativeTarget section */

/* Begin PBXProject section */
		D5F0D7622918AABF0086BC54 /* Project object */ = {
			isa = PBXProject;
			attributes = {
				BuildIndependentTargetsInParallel = 1;
				LastSwiftUpdateCheck = 1340;
				LastUpgradeCheck = 1340;
				TargetAttributes = {
					D5F0D7692918AABF0086BC54 = {
						CreatedOnToolsVersion = 13.4.1;
					};
					D5F0D77F2918AAC10086BC54 = {
						CreatedOnToolsVersion = 13.4.1;
						TestTargetID = D5F0D7692918AABF0086BC54;
					};
					D5F0D7892918AAC10086BC54 = {
						CreatedOnToolsVersion = 13.4.1;
						TestTargetID = D5F0D7692918AABF0086BC54;
					};
				};
			};
			buildConfigurationList = D5F0D7652918AABF0086BC54 /* Build configuration list for PBXProject "FindCS" */;
			compatibilityVersion = "Xcode 13.0";
			developmentRegion = en;
			hasScannedForEncodings = 0;
			knownRegions = (
				en,
				Base,
			);
			mainGroup = D5F0D7612918AABF0086BC54;
			productRefGroup = D5F0D76B2918AABF0086BC54 /* Products */;
			projectDirPath = "";
			projectRoot = "";
			targets = (
				D5F0D7692918AABF0086BC54 /* FindCS */,
				D5F0D77F2918AAC10086BC54 /* FindCSTests */,
				D5F0D7892918AAC10086BC54 /* FindCSUITests */,
			);
		};
/* End PBXProject section */

/* Begin PBXResourcesBuildPhase section */
		D5F0D7682918AABF0086BC54 /* Resources */ = {
			isa = PBXResourcesBuildPhase;
			buildActionMask = 2147483647;
			files = (
				D5F0D7DD2918AD950086BC54 /* map_present.png in Resources */,
				D5F0D7D32918AD950086BC54 /* map_pin@3x.png in Resources */,
				D5F0D7D12918AD950086BC54 /* map_pin_red@3x.png in Resources */,
				D5F0D7DC2918AD950086BC54 /* map_pin.png in Resources */,
				D5F0D7D52918AD950086BC54 /* map_pin_red.png in Resources */,
				D5F0D7C72918AD950086BC54 /* map_pinup_custom@3x.png in Resources */,
				D5F0D7CF2918AD950086BC54 /* copyright.png in Resources */,
				D5F0D7CE2918AD950086BC54 /* map_pin_shadow@3x.png in Resources */,
				D5F0D77A2918AAC10086BC54 /* LaunchScreen.storyboard in Resources */,
				D5F0D7D22918AD950086BC54 /* daum_copyright.png in Resources */,
				D5F0D7D62918AD950086BC54 /* info_box.png in Resources */,
				D5F0D7CC2918AD950086BC54 /* map_pin_custom@3x.png in Resources */,
				D5F0D7E12918AD950086BC54 /* map_pin_shadow.png in Resources */,
				D5F0D7D42918AD950086BC54 /* map_present_tracking.png in Resources */,
				D5F0D7CB2918AD950086BC54 /* detail_button.png in Resources */,
				D5F0D7DE2918AD950086BC54 /* noimage.png in Resources */,
				D5F0D7D02918AD950086BC54 /* th_line.png in Resources */,
				D5F0D7D92918AD950086BC54 /* info_box_tail.png in Resources */,
				D5F0D7C82918AD950086BC54 /* map_pin_custom.png in Resources */,
				D5F0D7D82918AD950086BC54 /* map_pinup_custom.png in Resources */,
				D5F0D7CD2918AD950086BC54 /* map_pinup@3x.png in Resources */,
				D5F0D7D72918AD950086BC54 /* point_sprite.png in Resources */,
				D5F0D7DF2918AD950086BC54 /* map_present_background_update.png in Resources */,
				D5F0D7DB2918AD950086BC54 /* map_present_direction.png in Resources */,
				D5F0D7DA2918AD950086BC54 /* noimage256.png in Resources */,
				D5F0D7C92918AD950086BC54 /* shadow_balloon.png in Resources */,
				D5F0D7772918AAC10086BC54 /* Assets.xcassets in Resources */,
				D5F0D7E02918AD950086BC54 /* daum_th_line.png in Resources */,
				D5F0D7CA2918AD950086BC54 /* map_pinup.png in Resources */,
			);
			runOnlyForDeploymentPostprocessing = 0;
		};
		D5F0D77E2918AAC10086BC54 /* Resources */ = {
			isa = PBXResourcesBuildPhase;
			buildActionMask = 2147483647;
			files = (
			);
			runOnlyForDeploymentPostprocessing = 0;
		};
		D5F0D7882918AAC10086BC54 /* Resources */ = {
			isa = PBXResourcesBuildPhase;
			buildActionMask = 2147483647;
			files = (
			);
			runOnlyForDeploymentPostprocessing = 0;
		};
/* End PBXResourcesBuildPhase section */

/* Begin PBXSourcesBuildPhase section */
		D5F0D7662918AABF0086BC54 /* Sources */ = {
			isa = PBXSourcesBuildPhase;
			buildActionMask = 2147483647;
			files = (
				D5F0D7F42918C56E0086BC54 /* LocationData.swift in Sources */,
				D5F0D7F72918C5CC0086BC54 /* KLDocument.swift in Sources */,
				D5F0D7FB2918C83E0086BC54 /* LocationInformationViewController.swift in Sources */,
				D5F0D76E2918AABF0086BC54 /* AppDelegate.swift in Sources */,
				D5F0D7F92918C7AD0086BC54 /* DetailListCellData.swift in Sources */,
				D5F0D7702918AABF0086BC54 /* SceneDelegate.swift in Sources */,
				D5F0D7FE2918C89A0086BC54 /* LocationInformationViewModel.swift in Sources */,
			);
			runOnlyForDeploymentPostprocessing = 0;
		};
		D5F0D77C2918AAC10086BC54 /* Sources */ = {
			isa = PBXSourcesBuildPhase;
			buildActionMask = 2147483647;
			files = (
				D5F0D7852918AAC10086BC54 /* FindCSTests.swift in Sources */,
			);
			runOnlyForDeploymentPostprocessing = 0;
		};
		D5F0D7862918AAC10086BC54 /* Sources */ = {
			isa = PBXSourcesBuildPhase;
			buildActionMask = 2147483647;
			files = (
				D5F0D78F2918AAC10086BC54 /* FindCSUITests.swift in Sources */,
				D5F0D7912918AAC10086BC54 /* FindCSUITestsLaunchTests.swift in Sources */,
			);
			runOnlyForDeploymentPostprocessing = 0;
		};
/* End PBXSourcesBuildPhase section */

/* Begin PBXTargetDependency section */
		D5F0D7822918AAC10086BC54 /* PBXTargetDependency */ = {
			isa = PBXTargetDependency;
			target = D5F0D7692918AABF0086BC54 /* FindCS */;
			targetProxy = D5F0D7812918AAC10086BC54 /* PBXContainerItemProxy */;
		};
		D5F0D78C2918AAC10086BC54 /* PBXTargetDependency */ = {
			isa = PBXTargetDependency;
			target = D5F0D7692918AABF0086BC54 /* FindCS */;
			targetProxy = D5F0D78B2918AAC10086BC54 /* PBXContainerItemProxy */;
		};
/* End PBXTargetDependency section */

/* Begin PBXVariantGroup section */
		D5F0D7782918AAC10086BC54 /* LaunchScreen.storyboard */ = {
			isa = PBXVariantGroup;
			children = (
				D5F0D7792918AAC10086BC54 /* Base */,
			);
			name = LaunchScreen.storyboard;
			sourceTree = "<group>";
		};
/* End PBXVariantGroup section */

/* Begin XCBuildConfiguration section */
		D5F0D7922918AAC10086BC54 /* Debug */ = {
			isa = XCBuildConfiguration;
			buildSettings = {
				ALWAYS_SEARCH_USER_PATHS = NO;
				CLANG_ANALYZER_NONNULL = YES;
				CLANG_ANALYZER_NUMBER_OBJECT_CONVERSION = YES_AGGRESSIVE;
				CLANG_CXX_LANGUAGE_STANDARD = "gnu++17";
				CLANG_ENABLE_MODULES = YES;
				CLANG_ENABLE_OBJC_ARC = NO;
				CLANG_ENABLE_OBJC_WEAK = YES;
				CLANG_WARN_BLOCK_CAPTURE_AUTORELEASING = YES;
				CLANG_WARN_BOOL_CONVERSION = YES;
				CLANG_WARN_COMMA = YES;
				CLANG_WARN_CONSTANT_CONVERSION = YES;
				CLANG_WARN_DEPRECATED_OBJC_IMPLEMENTATIONS = YES;
				CLANG_WARN_DIRECT_OBJC_ISA_USAGE = YES_ERROR;
				CLANG_WARN_DOCUMENTATION_COMMENTS = YES;
				CLANG_WARN_EMPTY_BODY = YES;
				CLANG_WARN_ENUM_CONVERSION = YES;
				CLANG_WARN_INFINITE_RECURSION = YES;
				CLANG_WARN_INT_CONVERSION = YES;
				CLANG_WARN_NON_LITERAL_NULL_CONVERSION = YES;
				CLANG_WARN_OBJC_IMPLICIT_RETAIN_SELF = YES;
				CLANG_WARN_OBJC_LITERAL_CONVERSION = YES;
				CLANG_WARN_OBJC_ROOT_CLASS = YES_ERROR;
				CLANG_WARN_QUOTED_INCLUDE_IN_FRAMEWORK_HEADER = YES;
				CLANG_WARN_RANGE_LOOP_ANALYSIS = YES;
				CLANG_WARN_STRICT_PROTOTYPES = YES;
				CLANG_WARN_SUSPICIOUS_MOVE = YES;
				CLANG_WARN_UNGUARDED_AVAILABILITY = YES_AGGRESSIVE;
				CLANG_WARN_UNREACHABLE_CODE = YES;
				CLANG_WARN__DUPLICATE_METHOD_MATCH = YES;
				COPY_PHASE_STRIP = NO;
				DEBUG_INFORMATION_FORMAT = dwarf;
				ENABLE_STRICT_OBJC_MSGSEND = YES;
				ENABLE_TESTABILITY = YES;
				GCC_C_LANGUAGE_STANDARD = gnu11;
				GCC_DYNAMIC_NO_PIC = NO;
				GCC_NO_COMMON_BLOCKS = YES;
				GCC_OPTIMIZATION_LEVEL = 0;
				GCC_PREPROCESSOR_DEFINITIONS = (
					"DEBUG=1",
					"$(inherited)",
				);
				GCC_WARN_64_TO_32_BIT_CONVERSION = YES;
				GCC_WARN_ABOUT_RETURN_TYPE = YES_ERROR;
				GCC_WARN_UNDECLARED_SELECTOR = YES;
				GCC_WARN_UNINITIALIZED_AUTOS = YES_AGGRESSIVE;
				GCC_WARN_UNUSED_FUNCTION = YES;
				GCC_WARN_UNUSED_VARIABLE = YES;
				IPHONEOS_DEPLOYMENT_TARGET = 15.5;
				MTL_ENABLE_DEBUG_INFO = INCLUDE_SOURCE;
				MTL_FAST_MATH = YES;
				ONLY_ACTIVE_ARCH = YES;
				SDKROOT = iphoneos;
				SWIFT_ACTIVE_COMPILATION_CONDITIONS = DEBUG;
				SWIFT_OPTIMIZATION_LEVEL = "-Onone";
			};
			name = Debug;
		};
		D5F0D7932918AAC10086BC54 /* Release */ = {
			isa = XCBuildConfiguration;
			buildSettings = {
				ALWAYS_SEARCH_USER_PATHS = NO;
				CLANG_ANALYZER_NONNULL = YES;
				CLANG_ANALYZER_NUMBER_OBJECT_CONVERSION = YES_AGGRESSIVE;
				CLANG_CXX_LANGUAGE_STANDARD = "gnu++17";
				CLANG_ENABLE_MODULES = YES;
				CLANG_ENABLE_OBJC_ARC = NO;
				CLANG_ENABLE_OBJC_WEAK = YES;
				CLANG_WARN_BLOCK_CAPTURE_AUTORELEASING = YES;
				CLANG_WARN_BOOL_CONVERSION = YES;
				CLANG_WARN_COMMA = YES;
				CLANG_WARN_CONSTANT_CONVERSION = YES;
				CLANG_WARN_DEPRECATED_OBJC_IMPLEMENTATIONS = YES;
				CLANG_WARN_DIRECT_OBJC_ISA_USAGE = YES_ERROR;
				CLANG_WARN_DOCUMENTATION_COMMENTS = YES;
				CLANG_WARN_EMPTY_BODY = YES;
				CLANG_WARN_ENUM_CONVERSION = YES;
				CLANG_WARN_INFINITE_RECURSION = YES;
				CLANG_WARN_INT_CONVERSION = YES;
				CLANG_WARN_NON_LITERAL_NULL_CONVERSION = YES;
				CLANG_WARN_OBJC_IMPLICIT_RETAIN_SELF = YES;
				CLANG_WARN_OBJC_LITERAL_CONVERSION = YES;
				CLANG_WARN_OBJC_ROOT_CLASS = YES_ERROR;
				CLANG_WARN_QUOTED_INCLUDE_IN_FRAMEWORK_HEADER = YES;
				CLANG_WARN_RANGE_LOOP_ANALYSIS = YES;
				CLANG_WARN_STRICT_PROTOTYPES = YES;
				CLANG_WARN_SUSPICIOUS_MOVE = YES;
				CLANG_WARN_UNGUARDED_AVAILABILITY = YES_AGGRESSIVE;
				CLANG_WARN_UNREACHABLE_CODE = YES;
				CLANG_WARN__DUPLICATE_METHOD_MATCH = YES;
				COPY_PHASE_STRIP = NO;
				DEBUG_INFORMATION_FORMAT = "dwarf-with-dsym";
				ENABLE_NS_ASSERTIONS = NO;
				ENABLE_STRICT_OBJC_MSGSEND = YES;
				GCC_C_LANGUAGE_STANDARD = gnu11;
				GCC_NO_COMMON_BLOCKS = YES;
				GCC_WARN_64_TO_32_BIT_CONVERSION = YES;
				GCC_WARN_ABOUT_RETURN_TYPE = YES_ERROR;
				GCC_WARN_UNDECLARED_SELECTOR = YES;
				GCC_WARN_UNINITIALIZED_AUTOS = YES_AGGRESSIVE;
				GCC_WARN_UNUSED_FUNCTION = YES;
				GCC_WARN_UNUSED_VARIABLE = YES;
				IPHONEOS_DEPLOYMENT_TARGET = 15.5;
				MTL_ENABLE_DEBUG_INFO = NO;
				MTL_FAST_MATH = YES;
				SDKROOT = iphoneos;
				SWIFT_COMPILATION_MODE = wholemodule;
				SWIFT_OPTIMIZATION_LEVEL = "-O";
				VALIDATE_PRODUCT = YES;
			};
			name = Release;
		};
		D5F0D7952918AAC10086BC54 /* Debug */ = {
			isa = XCBuildConfiguration;
			buildSettings = {
				ASSETCATALOG_COMPILER_APPICON_NAME = AppIcon;
				ASSETCATALOG_COMPILER_GLOBAL_ACCENT_COLOR_NAME = AccentColor;
				CODE_SIGN_STYLE = Automatic;
				CURRENT_PROJECT_VERSION = 1;
				DEVELOPMENT_TEAM = YUYR6UHVFX;
				GENERATE_INFOPLIST_FILE = YES;
				INFOPLIST_FILE = FindCS/Info.plist;
				INFOPLIST_KEY_UIApplicationSupportsIndirectInputEvents = YES;
				INFOPLIST_KEY_UILaunchStoryboardName = LaunchScreen;
				INFOPLIST_KEY_UIMainStoryboardFile = Main;
				INFOPLIST_KEY_UISupportedInterfaceOrientations_iPad = "UIInterfaceOrientationPortrait UIInterfaceOrientationPortraitUpsideDown UIInterfaceOrientationLandscapeLeft UIInterfaceOrientationLandscapeRight";
				INFOPLIST_KEY_UISupportedInterfaceOrientations_iPhone = "UIInterfaceOrientationPortrait UIInterfaceOrientationLandscapeLeft UIInterfaceOrientationLandscapeRight";
				LD_RUNPATH_SEARCH_PATHS = (
					"$(inherited)",
					"@executable_path/Frameworks",
				);
				MARKETING_VERSION = 1.0;
				PRODUCT_BUNDLE_IDENTIFIER = been.FindCS;
				PRODUCT_NAME = "$(TARGET_NAME)";
				SWIFT_EMIT_LOC_STRINGS = YES;
				SWIFT_OBJC_BRIDGING_HEADER = /Users/hwict/swiftPractice/FindCS/FindCS/BridgingHeader.h;
				SWIFT_VERSION = 5.0;
				TARGETED_DEVICE_FAMILY = "1,2";
			};
			name = Debug;
		};
		D5F0D7962918AAC10086BC54 /* Release */ = {
			isa = XCBuildConfiguration;
			buildSettings = {
				ASSETCATALOG_COMPILER_APPICON_NAME = AppIcon;
				ASSETCATALOG_COMPILER_GLOBAL_ACCENT_COLOR_NAME = AccentColor;
				CODE_SIGN_STYLE = Automatic;
				CURRENT_PROJECT_VERSION = 1;
				DEVELOPMENT_TEAM = YUYR6UHVFX;
				GENERATE_INFOPLIST_FILE = YES;
				INFOPLIST_FILE = FindCS/Info.plist;
				INFOPLIST_KEY_UIApplicationSupportsIndirectInputEvents = YES;
				INFOPLIST_KEY_UILaunchStoryboardName = LaunchScreen;
				INFOPLIST_KEY_UIMainStoryboardFile = Main;
				INFOPLIST_KEY_UISupportedInterfaceOrientations_iPad = "UIInterfaceOrientationPortrait UIInterfaceOrientationPortraitUpsideDown UIInterfaceOrientationLandscapeLeft UIInterfaceOrientationLandscapeRight";
				INFOPLIST_KEY_UISupportedInterfaceOrientations_iPhone = "UIInterfaceOrientationPortrait UIInterfaceOrientationLandscapeLeft UIInterfaceOrientationLandscapeRight";
				LD_RUNPATH_SEARCH_PATHS = (
					"$(inherited)",
					"@executable_path/Frameworks",
				);
				MARKETING_VERSION = 1.0;
				PRODUCT_BUNDLE_IDENTIFIER = been.FindCS;
				PRODUCT_NAME = "$(TARGET_NAME)";
				SWIFT_EMIT_LOC_STRINGS = YES;
				SWIFT_OBJC_BRIDGING_HEADER = /Users/hwict/swiftPractice/FindCS/FindCS/BridgingHeader.h;
				SWIFT_VERSION = 5.0;
				TARGETED_DEVICE_FAMILY = "1,2";
			};
			name = Release;
		};
		D5F0D7982918AAC10086BC54 /* Debug */ = {
			isa = XCBuildConfiguration;
			buildSettings = {
				ALWAYS_EMBED_SWIFT_STANDARD_LIBRARIES = YES;
				BUNDLE_LOADER = "$(TEST_HOST)";
				CODE_SIGN_STYLE = Automatic;
				CURRENT_PROJECT_VERSION = 1;
				DEVELOPMENT_TEAM = YUYR6UHVFX;
				GENERATE_INFOPLIST_FILE = YES;
				IPHONEOS_DEPLOYMENT_TARGET = 15.5;
				MARKETING_VERSION = 1.0;
				PRODUCT_BUNDLE_IDENTIFIER = been.FindCSTests;
				PRODUCT_NAME = "$(TARGET_NAME)";
				SWIFT_EMIT_LOC_STRINGS = NO;
				SWIFT_VERSION = 5.0;
				TARGETED_DEVICE_FAMILY = "1,2";
				TEST_HOST = "$(BUILT_PRODUCTS_DIR)/FindCS.app/FindCS";
			};
			name = Debug;
		};
		D5F0D7992918AAC10086BC54 /* Release */ = {
			isa = XCBuildConfiguration;
			buildSettings = {
				ALWAYS_EMBED_SWIFT_STANDARD_LIBRARIES = YES;
				BUNDLE_LOADER = "$(TEST_HOST)";
				CODE_SIGN_STYLE = Automatic;
				CURRENT_PROJECT_VERSION = 1;
				DEVELOPMENT_TEAM = YUYR6UHVFX;
				GENERATE_INFOPLIST_FILE = YES;
				IPHONEOS_DEPLOYMENT_TARGET = 15.5;
				MARKETING_VERSION = 1.0;
				PRODUCT_BUNDLE_IDENTIFIER = been.FindCSTests;
				PRODUCT_NAME = "$(TARGET_NAME)";
				SWIFT_EMIT_LOC_STRINGS = NO;
				SWIFT_VERSION = 5.0;
				TARGETED_DEVICE_FAMILY = "1,2";
				TEST_HOST = "$(BUILT_PRODUCTS_DIR)/FindCS.app/FindCS";
			};
			name = Release;
		};
		D5F0D79B2918AAC10086BC54 /* Debug */ = {
			isa = XCBuildConfiguration;
			buildSettings = {
				ALWAYS_EMBED_SWIFT_STANDARD_LIBRARIES = YES;
				CODE_SIGN_STYLE = Automatic;
				CURRENT_PROJECT_VERSION = 1;
				DEVELOPMENT_TEAM = YUYR6UHVFX;
				GENERATE_INFOPLIST_FILE = YES;
				MARKETING_VERSION = 1.0;
				PRODUCT_BUNDLE_IDENTIFIER = been.FindCSUITests;
				PRODUCT_NAME = "$(TARGET_NAME)";
				SWIFT_EMIT_LOC_STRINGS = NO;
				SWIFT_VERSION = 5.0;
				TARGETED_DEVICE_FAMILY = "1,2";
				TEST_TARGET_NAME = FindCS;
			};
			name = Debug;
		};
		D5F0D79C2918AAC10086BC54 /* Release */ = {
			isa = XCBuildConfiguration;
			buildSettings = {
				ALWAYS_EMBED_SWIFT_STANDARD_LIBRARIES = YES;
				CODE_SIGN_STYLE = Automatic;
				CURRENT_PROJECT_VERSION = 1;
				DEVELOPMENT_TEAM = YUYR6UHVFX;
				GENERATE_INFOPLIST_FILE = YES;
				MARKETING_VERSION = 1.0;
				PRODUCT_BUNDLE_IDENTIFIER = been.FindCSUITests;
				PRODUCT_NAME = "$(TARGET_NAME)";
				SWIFT_EMIT_LOC_STRINGS = NO;
				SWIFT_VERSION = 5.0;
				TARGETED_DEVICE_FAMILY = "1,2";
				TEST_TARGET_NAME = FindCS;
			};
			name = Release;
		};
/* End XCBuildConfiguration section */

/* Begin XCConfigurationList section */
		D5F0D7652918AABF0086BC54 /* Build configuration list for PBXProject "FindCS" */ = {
			isa = XCConfigurationList;
			buildConfigurations = (
				D5F0D7922918AAC10086BC54 /* Debug */,
				D5F0D7932918AAC10086BC54 /* Release */,
			);
			defaultConfigurationIsVisible = 0;
			defaultConfigurationName = Release;
		};
		D5F0D7942918AAC10086BC54 /* Build configuration list for PBXNativeTarget "FindCS" */ = {
			isa = XCConfigurationList;
			buildConfigurations = (
				D5F0D7952918AAC10086BC54 /* Debug */,
				D5F0D7962918AAC10086BC54 /* Release */,
			);
			defaultConfigurationIsVisible = 0;
			defaultConfigurationName = Release;
		};
		D5F0D7972918AAC10086BC54 /* Build configuration list for PBXNativeTarget "FindCSTests" */ = {
			isa = XCConfigurationList;
			buildConfigurations = (
				D5F0D7982918AAC10086BC54 /* Debug */,
				D5F0D7992918AAC10086BC54 /* Release */,
			);
			defaultConfigurationIsVisible = 0;
			defaultConfigurationName = Release;
		};
		D5F0D79A2918AAC10086BC54 /* Build configuration list for PBXNativeTarget "FindCSUITests" */ = {
			isa = XCConfigurationList;
			buildConfigurations = (
				D5F0D79B2918AAC10086BC54 /* Debug */,
				D5F0D79C2918AAC10086BC54 /* Release */,
			);
			defaultConfigurationIsVisible = 0;
			defaultConfigurationName = Release;
		};
/* End XCConfigurationList section */
	};
	rootObject = D5F0D7622918AABF0086BC54 /* Project object */;
}
